
Microsoft Visual Studio Solution File, Format Version 12.00
# Visual Studio 14
VisualStudioVersion = 14.0.24720.0
MinimumVisualStudioVersion = 10.0.40219.1
Project("{FAE04EC0-301F-11D3-BF4B-00C04F79EFBC}") = "349.web", "349.web\349.web.csproj", "{B95350F0-B561-4C4C-8D7A-755AD8074B64}"
EndProject
Global
	GlobalSection(SolutionConfigurationPlatforms) = preSolution
		Debug|Any CPU = Debug|Any CPU
		Release|Any CPU = Release|Any CPU
	EndGlobalSection
	GlobalSection(ProjectConfigurationPlatforms) = postSolution
		{B95350F0-B561-4C4C-8D7A-755AD8074B64}.Debug|Any CPU.ActiveCfg = Debug|Any CPU
		{B95350F0-B561-4C4C-8D7A-755AD8074B64}.Debug|Any CPU.Build.0 = Debug|Any CPU
		{B95350F0-B561-4C4C-8D7A-755AD8074B64}.Release|Any CPU.ActiveCfg = Release|Any CPU
		{B95350F0-B561-4C4C-8D7A-755AD8074B64}.Release|Any CPU.Build.0 = Release|Any CPU
	EndGlobalSection
	GlobalSection(SolutionProperties) = preSolution
		HideSolutionNode = FALSE
	EndGlobalSection
EndGlobal
